
Microsoft Visual Studio Solution File, Format Version 12.00
# Visual Studio Version 16
VisualStudioVersion = 16.0.30002.166
MinimumVisualStudioVersion = 10.0.40219.1
Project("{FAE04EC0-301F-11D3-BF4B-00C04F79EFBC}") = "ConsoleCoreApp1", "ConsoleCoreApp1.csproj", "{45E05783-47AD-476A-A0D8-0A64105594FD}"
EndProject
Global
	GlobalSection(SolutionConfigurationPlatforms) = preSolution
		Debug|Any CPU = Debug|Any CPU
		Release|Any CPU = Release|Any CPU
	EndGlobalSection
	GlobalSection(ProjectConfigurationPlatforms) = postSolution
		{45E05783-47AD-476A-A0D8-0A64105594FD}.Debug|Any CPU.ActiveCfg = Debug|Any CPU
		{45E05783-47AD-476A-A0D8-0A64105594FD}.Debug|Any CPU.Build.0 = Debug|Any CPU
		{45E05783-47AD-476A-A0D8-0A64105594FD}.Release|Any CPU.ActiveCfg = Release|Any CPU
		{45E05783-47AD-476A-A0D8-0A64105594FD}.Release|Any CPU.Build.0 = Release|Any CPU
	EndGlobalSection
	GlobalSection(SolutionProperties) = preSolution
		HideSolutionNode = FALSE
	EndGlobalSection
	GlobalSection(ExtensibilityGlobals) = postSolution
		SolutionGuid = {339D6CAA-80AC-4BA0-9E0A-0E83FFBFAD1F}
	EndGlobalSection
EndGlobal
